// !$*UTF8*$!
{
	archiveVersion = 1;
	classes = {
	};
	objectVersion = 46;
	objects = {

/* Begin PBXBuildFile section */
		1A6CD44C83B5DDC46C23487C /* libPods-ColorLetter.a in Frameworks */ = {isa = PBXBuildFile; fileRef = 16746DD2D78A1F336DE60E8F /* libPods-ColorLetter.a */; };
		491656AC1DBA56E100975DE6 /* FZY_SliderScrollView.m in Sources */ = {isa = PBXBuildFile; fileRef = 491656AB1DBA56E100975DE6 /* FZY_SliderScrollView.m */; };
		492AEE761DB9B2710014E9BB /* FZY_CommonViewController.m in Sources */ = {isa = PBXBuildFile; fileRef = 492AEE751DB9B2710014E9BB /* FZY_CommonViewController.m */; };
		492AEE791DB9B42C0014E9BB /* FZY_SettingViewController.m in Sources */ = {isa = PBXBuildFile; fileRef = 492AEE781DB9B42C0014E9BB /* FZY_SettingViewController.m */; };
		492AEEAA1DBA0B440014E9BB /* FZY_SettingTableViewCell.m in Sources */ = {isa = PBXBuildFile; fileRef = 492AEEA91DBA0B440014E9BB /* FZY_SettingTableViewCell.m */; };
		492AEEAD1DBA30E90014E9BB /* FZY_SwitchTableViewCell.m in Sources */ = {isa = PBXBuildFile; fileRef = 492AEEAC1DBA30E90014E9BB /* FZY_SwitchTableViewCell.m */; };
		4969E14D1DB85D6A007D0A06 /* AddViewController.m in Sources */ = {isa = PBXBuildFile; fileRef = 4969E14C1DB85D6A007D0A06 /* AddViewController.m */; };
		4969E1511DB85EDB007D0A06 /* FZYTabBarViewController.m in Sources */ = {isa = PBXBuildFile; fileRef = 4969E1501DB85EDB007D0A06 /* FZYTabBarViewController.m */; };
		4969E1891DB8AF78007D0A06 /* DrawerTableViewCell.m in Sources */ = {isa = PBXBuildFile; fileRef = 4969E1881DB8AF78007D0A06 /* DrawerTableViewCell.m */; };
		4975B1BF1DBD9AD000B6987D /* FZY_MessageViewController.m in Sources */ = {isa = PBXBuildFile; fileRef = 4975B1BE1DBD9AD000B6987D /* FZY_MessageViewController.m */; };
		4975B1C21DBD9B9A00B6987D /* FZY_BaseTableViewCell.m in Sources */ = {isa = PBXBuildFile; fileRef = 4975B1C11DBD9B9A00B6987D /* FZY_BaseTableViewCell.m */; };
		4975B1C51DBD9BB500B6987D /* FZY_MessageTableViewCell.m in Sources */ = {isa = PBXBuildFile; fileRef = 4975B1C41DBD9BB500B6987D /* FZY_MessageTableViewCell.m */; };
		4975B1CF1DBDB44700B6987D /* FZY_ChatViewController.m in Sources */ = {isa = PBXBuildFile; fileRef = 4975B1CE1DBDB44700B6987D /* FZY_ChatViewController.m */; };
		4975B1E11DBDBF3800B6987D /* FZY_LoginAndRegisterViewController.m in Sources */ = {isa = PBXBuildFile; fileRef = 4975B1DE1DBDBF3800B6987D /* FZY_LoginAndRegisterViewController.m */; };
		4975B2101DBDEB0900B6987D /* TheContactViewController.m in Sources */ = {isa = PBXBuildFile; fileRef = 4975B20F1DBDEB0900B6987D /* TheContactViewController.m */; };
		4975B2131DBDEB5900B6987D /* FZYBaseViewController.m in Sources */ = {isa = PBXBuildFile; fileRef = 4975B2121DBDEB5900B6987D /* FZYBaseViewController.m */; };
		4975B2161DBDF17000B6987D /* DrawerViewController.m in Sources */ = {isa = PBXBuildFile; fileRef = 4975B2151DBDF17000B6987D /* DrawerViewController.m */; };
		4975B25F1DBE41F700B6987D /* FZY_LoginOrRegisterViewController.m in Sources */ = {isa = PBXBuildFile; fileRef = 4975B25E1DBE41F700B6987D /* FZY_LoginOrRegisterViewController.m */; };
		4975B2751DBE42FB00B6987D /* NSData+Categories.m in Sources */ = {isa = PBXBuildFile; fileRef = 4975B2621DBE42FB00B6987D /* NSData+Categories.m */; };
		4975B2761DBE42FB00B6987D /* NSString+Categories.m in Sources */ = {isa = PBXBuildFile; fileRef = 4975B2641DBE42FB00B6987D /* NSString+Categories.m */; };
		4975B2771DBE42FB00B6987D /* NSString+Regex.m in Sources */ = {isa = PBXBuildFile; fileRef = 4975B2661DBE42FB00B6987D /* NSString+Regex.m */; };
		4975B2781DBE42FB00B6987D /* NSUserDefaults+Categories.m in Sources */ = {isa = PBXBuildFile; fileRef = 4975B2681DBE42FB00B6987D /* NSUserDefaults+Categories.m */; };
		4975B2791DBE42FB00B6987D /* UIBarButtonItem+SetImage_Click.m in Sources */ = {isa = PBXBuildFile; fileRef = 4975B26A1DBE42FB00B6987D /* UIBarButtonItem+SetImage_Click.m */; };
		4975B27A1DBE42FB00B6987D /* UIButton+Block.m in Sources */ = {isa = PBXBuildFile; fileRef = 4975B26C1DBE42FB00B6987D /* UIButton+Block.m */; };
		4975B27B1DBE42FB00B6987D /* UIImage+Categories.m in Sources */ = {isa = PBXBuildFile; fileRef = 4975B26E1DBE42FB00B6987D /* UIImage+Categories.m */; };
		4975B27C1DBE42FB00B6987D /* UILabel+SizeToFit_W_H.m in Sources */ = {isa = PBXBuildFile; fileRef = 4975B2701DBE42FB00B6987D /* UILabel+SizeToFit_W_H.m */; };
		4975B27D1DBE42FB00B6987D /* UIView+Frame.m in Sources */ = {isa = PBXBuildFile; fileRef = 4975B2721DBE42FB00B6987D /* UIView+Frame.m */; };
		4975B27E1DBE42FB00B6987D /* UIView+ShowMessage.m in Sources */ = {isa = PBXBuildFile; fileRef = 4975B2741DBE42FB00B6987D /* UIView+ShowMessage.m */; };
		49B0327A1DB79C0800D36732 /* main.m in Sources */ = {isa = PBXBuildFile; fileRef = 49B032791DB79C0800D36732 /* main.m */; };
		49B0327D1DB79C0800D36732 /* AppDelegate.m in Sources */ = {isa = PBXBuildFile; fileRef = 49B0327C1DB79C0800D36732 /* AppDelegate.m */; };
		49B032851DB79C0800D36732 /* Assets.xcassets in Resources */ = {isa = PBXBuildFile; fileRef = 49B032841DB79C0800D36732 /* Assets.xcassets */; };
		49B032881DB79C0800D36732 /* LaunchScreen.storyboard in Resources */ = {isa = PBXBuildFile; fileRef = 49B032861DB79C0800D36732 /* LaunchScreen.storyboard */; };
		49B032A41DB79F5A00D36732 /* FZYBaseModel.m in Sources */ = {isa = PBXBuildFile; fileRef = 49B032A31DB79F5A00D36732 /* FZYBaseModel.m */; };
		49B032A71DB79FB000D36732 /* FZYBaseView.m in Sources */ = {isa = PBXBuildFile; fileRef = 49B032A61DB79FB000D36732 /* FZYBaseView.m */; };
		49B032C31DB7A41600D36732 /* AppStoreUtils.m in Sources */ = {isa = PBXBuildFile; fileRef = 49B032C21DB7A41600D36732 /* AppStoreUtils.m */; };
		49B032C61DB7A47900D36732 /* FileManagerUtils.m in Sources */ = {isa = PBXBuildFile; fileRef = 49B032C51DB7A47900D36732 /* FileManagerUtils.m */; };
		49C43F7E1DBEE4590060092C /* CoreMedia.framework in Frameworks */ = {isa = PBXBuildFile; fileRef = 49C43F7D1DBEE4590060092C /* CoreMedia.framework */; };
		49C43F801DBEE4770060092C /* AudioToolbox.framework in Frameworks */ = {isa = PBXBuildFile; fileRef = 49C43F7F1DBEE4770060092C /* AudioToolbox.framework */; };
		49C43F821DBEE4880060092C /* AVFoundation.framework in Frameworks */ = {isa = PBXBuildFile; fileRef = 49C43F811DBEE4880060092C /* AVFoundation.framework */; };
		49C43F841DBEE4B20060092C /* MobileCoreServices.framework in Frameworks */ = {isa = PBXBuildFile; fileRef = 49C43F831DBEE4B20060092C /* MobileCoreServices.framework */; };
		49C43F861DBEE4C80060092C /* ImageIO.framework in Frameworks */ = {isa = PBXBuildFile; fileRef = 49C43F851DBEE4C80060092C /* ImageIO.framework */; };
		49C43F881DBEE4EA0060092C /* libc++.tbd in Frameworks */ = {isa = PBXBuildFile; fileRef = 49C43F871DBEE4EA0060092C /* libc++.tbd */; };
		49C43F8A1DBEE4FE0060092C /* libz.tbd in Frameworks */ = {isa = PBXBuildFile; fileRef = 49C43F891DBEE4FE0060092C /* libz.tbd */; };
		49C43F8C1DBEE5260060092C /* libstdc++.6.0.9.tbd in Frameworks */ = {isa = PBXBuildFile; fileRef = 49C43F8B1DBEE5260060092C /* libstdc++.6.0.9.tbd */; };
		49C43F8E1DBEE5410060092C /* libsqlite3.tbd in Frameworks */ = {isa = PBXBuildFile; fileRef = 49C43F8D1DBEE5410060092C /* libsqlite3.tbd */; };
		49C43F901DBEE5690060092C /* libiconv.tbd in Frameworks */ = {isa = PBXBuildFile; fileRef = 49C43F8F1DBEE5690060092C /* libiconv.tbd */; };
		49CEFED41DC0519F0022B6B8 /* FZY_FriendsModel.m in Sources */ = {isa = PBXBuildFile; fileRef = 49CEFED31DC0519F0022B6B8 /* FZY_FriendsModel.m */; };
/* End PBXBuildFile section */

/* Begin PBXFileReference section */
		16746DD2D78A1F336DE60E8F /* libPods-ColorLetter.a */ = {isa = PBXFileReference; explicitFileType = archive.ar; includeInIndex = 0; path = "libPods-ColorLetter.a"; sourceTree = BUILT_PRODUCTS_DIR; };
		27FAC0A049392D2BE8F8E4C6 /* Pods-ColorLetter.debug.xcconfig */ = {isa = PBXFileReference; includeInIndex = 1; lastKnownFileType = text.xcconfig; name = "Pods-ColorLetter.debug.xcconfig"; path = "Pods/Target Support Files/Pods-ColorLetter/Pods-ColorLetter.debug.xcconfig"; sourceTree = "<group>"; };
		491656AA1DBA56E100975DE6 /* FZY_SliderScrollView.h */ = {isa = PBXFileReference; fileEncoding = 4; lastKnownFileType = sourcecode.c.h; path = FZY_SliderScrollView.h; sourceTree = "<group>"; };
		491656AB1DBA56E100975DE6 /* FZY_SliderScrollView.m */ = {isa = PBXFileReference; fileEncoding = 4; lastKnownFileType = sourcecode.c.objc; path = FZY_SliderScrollView.m; sourceTree = "<group>"; };
		491656AE1DBA576500975DE6 /* TheContactViewController.h */ = {isa = PBXFileReference; fileEncoding = 4; lastKnownFileType = sourcecode.c.h; path = TheContactViewController.h; sourceTree = "<group>"; };
		492AEE741DB9B2710014E9BB /* FZY_CommonViewController.h */ = {isa = PBXFileReference; fileEncoding = 4; lastKnownFileType = sourcecode.c.h; path = FZY_CommonViewController.h; sourceTree = "<group>"; };
		492AEE751DB9B2710014E9BB /* FZY_CommonViewController.m */ = {isa = PBXFileReference; fileEncoding = 4; lastKnownFileType = sourcecode.c.objc; path = FZY_CommonViewController.m; sourceTree = "<group>"; };
		492AEE771DB9B42C0014E9BB /* FZY_SettingViewController.h */ = {isa = PBXFileReference; fileEncoding = 4; lastKnownFileType = sourcecode.c.h; path = FZY_SettingViewController.h; sourceTree = "<group>"; };
		492AEE781DB9B42C0014E9BB /* FZY_SettingViewController.m */ = {isa = PBXFileReference; fileEncoding = 4; lastKnownFileType = sourcecode.c.objc; path = FZY_SettingViewController.m; sourceTree = "<group>"; };
		492AEEA81DBA0B440014E9BB /* FZY_SettingTableViewCell.h */ = {isa = PBXFileReference; fileEncoding = 4; lastKnownFileType = sourcecode.c.h; path = FZY_SettingTableViewCell.h; sourceTree = "<group>"; };
		492AEEA91DBA0B440014E9BB /* FZY_SettingTableViewCell.m */ = {isa = PBXFileReference; fileEncoding = 4; lastKnownFileType = sourcecode.c.objc; path = FZY_SettingTableViewCell.m; sourceTree = "<group>"; };
		492AEEAB1DBA30E90014E9BB /* FZY_SwitchTableViewCell.h */ = {isa = PBXFileReference; fileEncoding = 4; lastKnownFileType = sourcecode.c.h; path = FZY_SwitchTableViewCell.h; sourceTree = "<group>"; };
		492AEEAC1DBA30E90014E9BB /* FZY_SwitchTableViewCell.m */ = {isa = PBXFileReference; fileEncoding = 4; lastKnownFileType = sourcecode.c.objc; path = FZY_SwitchTableViewCell.m; sourceTree = "<group>"; };
		4969E14B1DB85D6A007D0A06 /* AddViewController.h */ = {isa = PBXFileReference; fileEncoding = 4; lastKnownFileType = sourcecode.c.h; path = AddViewController.h; sourceTree = "<group>"; };
		4969E14C1DB85D6A007D0A06 /* AddViewController.m */ = {isa = PBXFileReference; fileEncoding = 4; lastKnownFileType = sourcecode.c.objc; path = AddViewController.m; sourceTree = "<group>"; };
		4969E14F1DB85EDB007D0A06 /* FZYTabBarViewController.h */ = {isa = PBXFileReference; fileEncoding = 4; lastKnownFileType = sourcecode.c.h; path = FZYTabBarViewController.h; sourceTree = "<group>"; };
		4969E1501DB85EDB007D0A06 /* FZYTabBarViewController.m */ = {isa = PBXFileReference; fileEncoding = 4; lastKnownFileType = sourcecode.c.objc; path = FZYTabBarViewController.m; sourceTree = "<group>"; };
		4969E1871DB8AF78007D0A06 /* DrawerTableViewCell.h */ = {isa = PBXFileReference; fileEncoding = 4; lastKnownFileType = sourcecode.c.h; path = DrawerTableViewCell.h; sourceTree = "<group>"; };
		4969E1881DB8AF78007D0A06 /* DrawerTableViewCell.m */ = {isa = PBXFileReference; fileEncoding = 4; lastKnownFileType = sourcecode.c.objc; path = DrawerTableViewCell.m; sourceTree = "<group>"; };
		4975B1BD1DBD9AD000B6987D /* FZY_MessageViewController.h */ = {isa = PBXFileReference; fileEncoding = 4; lastKnownFileType = sourcecode.c.h; path = FZY_MessageViewController.h; sourceTree = "<group>"; };
		4975B1BE1DBD9AD000B6987D /* FZY_MessageViewController.m */ = {isa = PBXFileReference; fileEncoding = 4; lastKnownFileType = sourcecode.c.objc; path = FZY_MessageViewController.m; sourceTree = "<group>"; };
		4975B1C01DBD9B9A00B6987D /* FZY_BaseTableViewCell.h */ = {isa = PBXFileReference; fileEncoding = 4; lastKnownFileType = sourcecode.c.h; path = FZY_BaseTableViewCell.h; sourceTree = "<group>"; };
		4975B1C11DBD9B9A00B6987D /* FZY_BaseTableViewCell.m */ = {isa = PBXFileReference; fileEncoding = 4; lastKnownFileType = sourcecode.c.objc; path = FZY_BaseTableViewCell.m; sourceTree = "<group>"; };
		4975B1C31DBD9BB500B6987D /* FZY_MessageTableViewCell.h */ = {isa = PBXFileReference; fileEncoding = 4; lastKnownFileType = sourcecode.c.h; path = FZY_MessageTableViewCell.h; sourceTree = "<group>"; };
		4975B1C41DBD9BB500B6987D /* FZY_MessageTableViewCell.m */ = {isa = PBXFileReference; fileEncoding = 4; lastKnownFileType = sourcecode.c.objc; path = FZY_MessageTableViewCell.m; sourceTree = "<group>"; };
		4975B1CD1DBDB44700B6987D /* FZY_ChatViewController.h */ = {isa = PBXFileReference; fileEncoding = 4; lastKnownFileType = sourcecode.c.h; path = FZY_ChatViewController.h; sourceTree = "<group>"; };
		4975B1CE1DBDB44700B6987D /* FZY_ChatViewController.m */ = {isa = PBXFileReference; fileEncoding = 4; lastKnownFileType = sourcecode.c.objc; path = FZY_ChatViewController.m; sourceTree = "<group>"; };
		4975B1DD1DBDBF3800B6987D /* FZY_LoginAndRegisterViewController.h */ = {isa = PBXFileReference; fileEncoding = 4; lastKnownFileType = sourcecode.c.h; path = FZY_LoginAndRegisterViewController.h; sourceTree = "<group>"; };
		4975B1DE1DBDBF3800B6987D /* FZY_LoginAndRegisterViewController.m */ = {isa = PBXFileReference; fileEncoding = 4; lastKnownFileType = sourcecode.c.objc; path = FZY_LoginAndRegisterViewController.m; sourceTree = "<group>"; };
		4975B20F1DBDEB0900B6987D /* TheContactViewController.m */ = {isa = PBXFileReference; fileEncoding = 4; lastKnownFileType = sourcecode.c.objc; path = TheContactViewController.m; sourceTree = "<group>"; };
		4975B2111DBDEB5900B6987D /* FZYBaseViewController.h */ = {isa = PBXFileReference; fileEncoding = 4; lastKnownFileType = sourcecode.c.h; path = FZYBaseViewController.h; sourceTree = "<group>"; };
		4975B2121DBDEB5900B6987D /* FZYBaseViewController.m */ = {isa = PBXFileReference; fileEncoding = 4; lastKnownFileType = sourcecode.c.objc; path = FZYBaseViewController.m; sourceTree = "<group>"; };
		4975B2141DBDF17000B6987D /* DrawerViewController.h */ = {isa = PBXFileReference; fileEncoding = 4; lastKnownFileType = sourcecode.c.h; path = DrawerViewController.h; sourceTree = "<group>"; };
		4975B2151DBDF17000B6987D /* DrawerViewController.m */ = {isa = PBXFileReference; fileEncoding = 4; lastKnownFileType = sourcecode.c.objc; path = DrawerViewController.m; sourceTree = "<group>"; };
		4975B25D1DBE41F700B6987D /* FZY_LoginOrRegisterViewController.h */ = {isa = PBXFileReference; fileEncoding = 4; lastKnownFileType = sourcecode.c.h; path = FZY_LoginOrRegisterViewController.h; sourceTree = "<group>"; };
		4975B25E1DBE41F700B6987D /* FZY_LoginOrRegisterViewController.m */ = {isa = PBXFileReference; fileEncoding = 4; lastKnownFileType = sourcecode.c.objc; path = FZY_LoginOrRegisterViewController.m; sourceTree = "<group>"; };
		4975B2611DBE42FB00B6987D /* NSData+Categories.h */ = {isa = PBXFileReference; fileEncoding = 4; lastKnownFileType = sourcecode.c.h; path = "NSData+Categories.h"; sourceTree = "<group>"; };
		4975B2621DBE42FB00B6987D /* NSData+Categories.m */ = {isa = PBXFileReference; fileEncoding = 4; lastKnownFileType = sourcecode.c.objc; path = "NSData+Categories.m"; sourceTree = "<group>"; };
		4975B2631DBE42FB00B6987D /* NSString+Categories.h */ = {isa = PBXFileReference; fileEncoding = 4; lastKnownFileType = sourcecode.c.h; path = "NSString+Categories.h"; sourceTree = "<group>"; };
		4975B2641DBE42FB00B6987D /* NSString+Categories.m */ = {isa = PBXFileReference; fileEncoding = 4; lastKnownFileType = sourcecode.c.objc; path = "NSString+Categories.m"; sourceTree = "<group>"; };
		4975B2651DBE42FB00B6987D /* NSString+Regex.h */ = {isa = PBXFileReference; fileEncoding = 4; lastKnownFileType = sourcecode.c.h; path = "NSString+Regex.h"; sourceTree = "<group>"; };
		4975B2661DBE42FB00B6987D /* NSString+Regex.m */ = {isa = PBXFileReference; fileEncoding = 4; lastKnownFileType = sourcecode.c.objc; path = "NSString+Regex.m"; sourceTree = "<group>"; };
		4975B2671DBE42FB00B6987D /* NSUserDefaults+Categories.h */ = {isa = PBXFileReference; fileEncoding = 4; lastKnownFileType = sourcecode.c.h; path = "NSUserDefaults+Categories.h"; sourceTree = "<group>"; };
		4975B2681DBE42FB00B6987D /* NSUserDefaults+Categories.m */ = {isa = PBXFileReference; fileEncoding = 4; lastKnownFileType = sourcecode.c.objc; path = "NSUserDefaults+Categories.m"; sourceTree = "<group>"; };
		4975B2691DBE42FB00B6987D /* UIBarButtonItem+SetImage_Click.h */ = {isa = PBXFileReference; fileEncoding = 4; lastKnownFileType = sourcecode.c.h; path = "UIBarButtonItem+SetImage_Click.h"; sourceTree = "<group>"; };
		4975B26A1DBE42FB00B6987D /* UIBarButtonItem+SetImage_Click.m */ = {isa = PBXFileReference; fileEncoding = 4; lastKnownFileType = sourcecode.c.objc; path = "UIBarButtonItem+SetImage_Click.m"; sourceTree = "<group>"; };
		4975B26B1DBE42FB00B6987D /* UIButton+Block.h */ = {isa = PBXFileReference; fileEncoding = 4; lastKnownFileType = sourcecode.c.h; path = "UIButton+Block.h"; sourceTree = "<group>"; };
		4975B26C1DBE42FB00B6987D /* UIButton+Block.m */ = {isa = PBXFileReference; fileEncoding = 4; lastKnownFileType = sourcecode.c.objc; path = "UIButton+Block.m"; sourceTree = "<group>"; };
		4975B26D1DBE42FB00B6987D /* UIImage+Categories.h */ = {isa = PBXFileReference; fileEncoding = 4; lastKnownFileType = sourcecode.c.h; path = "UIImage+Categories.h"; sourceTree = "<group>"; };
		4975B26E1DBE42FB00B6987D /* UIImage+Categories.m */ = {isa = PBXFileReference; fileEncoding = 4; lastKnownFileType = sourcecode.c.objc; path = "UIImage+Categories.m"; sourceTree = "<group>"; };
		4975B26F1DBE42FB00B6987D /* UILabel+SizeToFit_W_H.h */ = {isa = PBXFileReference; fileEncoding = 4; lastKnownFileType = sourcecode.c.h; path = "UILabel+SizeToFit_W_H.h"; sourceTree = "<group>"; };
		4975B2701DBE42FB00B6987D /* UILabel+SizeToFit_W_H.m */ = {isa = PBXFileReference; fileEncoding = 4; lastKnownFileType = sourcecode.c.objc; path = "UILabel+SizeToFit_W_H.m"; sourceTree = "<group>"; };
		4975B2711DBE42FB00B6987D /* UIView+Frame.h */ = {isa = PBXFileReference; fileEncoding = 4; lastKnownFileType = sourcecode.c.h; path = "UIView+Frame.h"; sourceTree = "<group>"; };
		4975B2721DBE42FB00B6987D /* UIView+Frame.m */ = {isa = PBXFileReference; fileEncoding = 4; lastKnownFileType = sourcecode.c.objc; path = "UIView+Frame.m"; sourceTree = "<group>"; };
		4975B2731DBE42FB00B6987D /* UIView+ShowMessage.h */ = {isa = PBXFileReference; fileEncoding = 4; lastKnownFileType = sourcecode.c.h; path = "UIView+ShowMessage.h"; sourceTree = "<group>"; };
		4975B2741DBE42FB00B6987D /* UIView+ShowMessage.m */ = {isa = PBXFileReference; fileEncoding = 4; lastKnownFileType = sourcecode.c.objc; path = "UIView+ShowMessage.m"; sourceTree = "<group>"; };
		4975B27F1DBE431A00B6987D /* FZY_pch.pch */ = {isa = PBXFileReference; lastKnownFileType = sourcecode.c.h; path = FZY_pch.pch; sourceTree = "<group>"; };
		49B032751DB79C0800D36732 /* ColorLetter.app */ = {isa = PBXFileReference; explicitFileType = wrapper.application; includeInIndex = 0; path = ColorLetter.app; sourceTree = BUILT_PRODUCTS_DIR; };
		49B032791DB79C0800D36732 /* main.m */ = {isa = PBXFileReference; lastKnownFileType = sourcecode.c.objc; path = main.m; sourceTree = "<group>"; };
		49B0327B1DB79C0800D36732 /* AppDelegate.h */ = {isa = PBXFileReference; lastKnownFileType = sourcecode.c.h; path = AppDelegate.h; sourceTree = "<group>"; };
		49B0327C1DB79C0800D36732 /* AppDelegate.m */ = {isa = PBXFileReference; lastKnownFileType = sourcecode.c.objc; path = AppDelegate.m; sourceTree = "<group>"; };
		49B032841DB79C0800D36732 /* Assets.xcassets */ = {isa = PBXFileReference; lastKnownFileType = folder.assetcatalog; path = Assets.xcassets; sourceTree = "<group>"; };
		49B032871DB79C0800D36732 /* Base */ = {isa = PBXFileReference; lastKnownFileType = file.storyboard; name = Base; path = Base.lproj/LaunchScreen.storyboard; sourceTree = "<group>"; };
		49B032891DB79C0800D36732 /* Info.plist */ = {isa = PBXFileReference; lastKnownFileType = text.plist.xml; path = Info.plist; sourceTree = "<group>"; };
		49B032A21DB79F5A00D36732 /* FZYBaseModel.h */ = {isa = PBXFileReference; fileEncoding = 4; lastKnownFileType = sourcecode.c.h; path = FZYBaseModel.h; sourceTree = "<group>"; };
		49B032A31DB79F5A00D36732 /* FZYBaseModel.m */ = {isa = PBXFileReference; fileEncoding = 4; lastKnownFileType = sourcecode.c.objc; path = FZYBaseModel.m; sourceTree = "<group>"; };
		49B032A51DB79FB000D36732 /* FZYBaseView.h */ = {isa = PBXFileReference; fileEncoding = 4; lastKnownFileType = sourcecode.c.h; path = FZYBaseView.h; sourceTree = "<group>"; };
		49B032A61DB79FB000D36732 /* FZYBaseView.m */ = {isa = PBXFileReference; fileEncoding = 4; lastKnownFileType = sourcecode.c.objc; path = FZYBaseView.m; sourceTree = "<group>"; };
		49B032C11DB7A41600D36732 /* AppStoreUtils.h */ = {isa = PBXFileReference; fileEncoding = 4; lastKnownFileType = sourcecode.c.h; path = AppStoreUtils.h; sourceTree = "<group>"; };
		49B032C21DB7A41600D36732 /* AppStoreUtils.m */ = {isa = PBXFileReference; fileEncoding = 4; lastKnownFileType = sourcecode.c.objc; path = AppStoreUtils.m; sourceTree = "<group>"; };
		49B032C41DB7A47900D36732 /* FileManagerUtils.h */ = {isa = PBXFileReference; fileEncoding = 4; lastKnownFileType = sourcecode.c.h; path = FileManagerUtils.h; sourceTree = "<group>"; };
		49B032C51DB7A47900D36732 /* FileManagerUtils.m */ = {isa = PBXFileReference; fileEncoding = 4; lastKnownFileType = sourcecode.c.objc; path = FileManagerUtils.m; sourceTree = "<group>"; };
		49B032C71DB7A4C300D36732 /* SystemUnit.h */ = {isa = PBXFileReference; lastKnownFileType = sourcecode.c.h; path = SystemUnit.h; sourceTree = "<group>"; };
		49B032C81DB7A59700D36732 /* FZYMacro.h */ = {isa = PBXFileReference; lastKnownFileType = sourcecode.c.h; path = FZYMacro.h; sourceTree = "<group>"; };
		49C43F7D1DBEE4590060092C /* CoreMedia.framework */ = {isa = PBXFileReference; lastKnownFileType = wrapper.framework; name = CoreMedia.framework; path = System/Library/Frameworks/CoreMedia.framework; sourceTree = SDKROOT; };
		49C43F7F1DBEE4770060092C /* AudioToolbox.framework */ = {isa = PBXFileReference; lastKnownFileType = wrapper.framework; name = AudioToolbox.framework; path = System/Library/Frameworks/AudioToolbox.framework; sourceTree = SDKROOT; };
		49C43F811DBEE4880060092C /* AVFoundation.framework */ = {isa = PBXFileReference; lastKnownFileType = wrapper.framework; name = AVFoundation.framework; path = System/Library/Frameworks/AVFoundation.framework; sourceTree = SDKROOT; };
		49C43F831DBEE4B20060092C /* MobileCoreServices.framework */ = {isa = PBXFileReference; lastKnownFileType = wrapper.framework; name = MobileCoreServices.framework; path = System/Library/Frameworks/MobileCoreServices.framework; sourceTree = SDKROOT; };
		49C43F851DBEE4C80060092C /* ImageIO.framework */ = {isa = PBXFileReference; lastKnownFileType = wrapper.framework; name = ImageIO.framework; path = System/Library/Frameworks/ImageIO.framework; sourceTree = SDKROOT; };
		49C43F871DBEE4EA0060092C /* libc++.tbd */ = {isa = PBXFileReference; lastKnownFileType = "sourcecode.text-based-dylib-definition"; name = "libc++.tbd"; path = "usr/lib/libc++.tbd"; sourceTree = SDKROOT; };
		49C43F891DBEE4FE0060092C /* libz.tbd */ = {isa = PBXFileReference; lastKnownFileType = "sourcecode.text-based-dylib-definition"; name = libz.tbd; path = usr/lib/libz.tbd; sourceTree = SDKROOT; };
		49C43F8B1DBEE5260060092C /* libstdc++.6.0.9.tbd */ = {isa = PBXFileReference; lastKnownFileType = "sourcecode.text-based-dylib-definition"; name = "libstdc++.6.0.9.tbd"; path = "usr/lib/libstdc++.6.0.9.tbd"; sourceTree = SDKROOT; };
		49C43F8D1DBEE5410060092C /* libsqlite3.tbd */ = {isa = PBXFileReference; lastKnownFileType = "sourcecode.text-based-dylib-definition"; name = libsqlite3.tbd; path = usr/lib/libsqlite3.tbd; sourceTree = SDKROOT; };
		49C43F8F1DBEE5690060092C /* libiconv.tbd */ = {isa = PBXFileReference; lastKnownFileType = "sourcecode.text-based-dylib-definition"; name = libiconv.tbd; path = usr/lib/libiconv.tbd; sourceTree = SDKROOT; };
		49CEFED21DC0519F0022B6B8 /* FZY_FriendsModel.h */ = {isa = PBXFileReference; fileEncoding = 4; lastKnownFileType = sourcecode.c.h; path = FZY_FriendsModel.h; sourceTree = "<group>"; };
		49CEFED31DC0519F0022B6B8 /* FZY_FriendsModel.m */ = {isa = PBXFileReference; fileEncoding = 4; lastKnownFileType = sourcecode.c.objc; path = FZY_FriendsModel.m; sourceTree = "<group>"; };
		D52A69A9BF3156D310586722 /* Pods-ColorLetter.release.xcconfig */ = {isa = PBXFileReference; includeInIndex = 1; lastKnownFileType = text.xcconfig; name = "Pods-ColorLetter.release.xcconfig"; path = "Pods/Target Support Files/Pods-ColorLetter/Pods-ColorLetter.release.xcconfig"; sourceTree = "<group>"; };
/* End PBXFileReference section */

/* Begin PBXFrameworksBuildPhase section */
		49B032721DB79C0800D36732 /* Frameworks */ = {
			isa = PBXFrameworksBuildPhase;
			buildActionMask = 2147483647;
			files = (
				49C43F901DBEE5690060092C /* libiconv.tbd in Frameworks */,
				49C43F8E1DBEE5410060092C /* libsqlite3.tbd in Frameworks */,
				49C43F8C1DBEE5260060092C /* libstdc++.6.0.9.tbd in Frameworks */,
				49C43F8A1DBEE4FE0060092C /* libz.tbd in Frameworks */,
				49C43F881DBEE4EA0060092C /* libc++.tbd in Frameworks */,
				49C43F861DBEE4C80060092C /* ImageIO.framework in Frameworks */,
				49C43F841DBEE4B20060092C /* MobileCoreServices.framework in Frameworks */,
				49C43F821DBEE4880060092C /* AVFoundation.framework in Frameworks */,
				49C43F801DBEE4770060092C /* AudioToolbox.framework in Frameworks */,
				49C43F7E1DBEE4590060092C /* CoreMedia.framework in Frameworks */,
				1A6CD44C83B5DDC46C23487C /* libPods-ColorLetter.a in Frameworks */,
			);
			runOnlyForDeploymentPostprocessing = 0;
		};
/* End PBXFrameworksBuildPhase section */

/* Begin PBXGroup section */
		491656A81DBA56E100975DE6 /* Encapsulation */ = {
			isa = PBXGroup;
			children = (
				491656A91DBA56E100975DE6 /* View */,
			);
			path = Encapsulation;
			sourceTree = "<group>";
		};
		491656A91DBA56E100975DE6 /* View */ = {
			isa = PBXGroup;
			children = (
				491656AA1DBA56E100975DE6 /* FZY_SliderScrollView.h */,
				491656AB1DBA56E100975DE6 /* FZY_SliderScrollView.m */,
			);
			path = View;
			sourceTree = "<group>";
		};
		491656AD1DBA576500975DE6 /* TheContact */ = {
			isa = PBXGroup;
			children = (
				491656AE1DBA576500975DE6 /* TheContactViewController.h */,
				4975B20F1DBDEB0900B6987D /* TheContactViewController.m */,
			);
			path = TheContact;
			sourceTree = "<group>";
		};
		492AEE6D1DB9B0280014E9BB /* Setting */ = {
			isa = PBXGroup;
			children = (
				492AEE6E1DB9B04A0014E9BB /* Controller */,
				492AEE701DB9B04E0014E9BB /* Model */,
				492AEE6F1DB9B04C0014E9BB /* View */,
			);
			path = Setting;
			sourceTree = "<group>";
		};
		492AEE6E1DB9B04A0014E9BB /* Controller */ = {
			isa = PBXGroup;
			children = (
				492AEE771DB9B42C0014E9BB /* FZY_SettingViewController.h */,
				492AEE781DB9B42C0014E9BB /* FZY_SettingViewController.m */,
			);
			path = Controller;
			sourceTree = "<group>";
		};
		492AEE6F1DB9B04C0014E9BB /* View */ = {
			isa = PBXGroup;
			children = (
				492AEEA81DBA0B440014E9BB /* FZY_SettingTableViewCell.h */,
				492AEEA91DBA0B440014E9BB /* FZY_SettingTableViewCell.m */,
				492AEEAB1DBA30E90014E9BB /* FZY_SwitchTableViewCell.h */,
				492AEEAC1DBA30E90014E9BB /* FZY_SwitchTableViewCell.m */,
			);
			path = View;
			sourceTree = "<group>";
		};
		492AEE701DB9B04E0014E9BB /* Model */ = {
			isa = PBXGroup;
			children = (
			);
			path = Model;
			sourceTree = "<group>";
		};
		492AEE7A1DB9C8500014E9BB /* Help */ = {
			isa = PBXGroup;
			children = (
			);
			path = Help;
			sourceTree = "<group>";
		};
		4969E13F1DB85849007D0A06 /* Controller */ = {
			isa = PBXGroup;
			children = (
			);
			path = Controller;
			sourceTree = "<group>";
		};
		4969E1401DB8584B007D0A06 /* View */ = {
			isa = PBXGroup;
			children = (
			);
			path = View;
			sourceTree = "<group>";
		};
		4969E1411DB8584D007D0A06 /* Model */ = {
			isa = PBXGroup;
			children = (
			);
			path = Model;
			sourceTree = "<group>";
		};
		4969E1421DB85C98007D0A06 /* Add */ = {
			isa = PBXGroup;
			children = (
				4969E14B1DB85D6A007D0A06 /* AddViewController.h */,
				4969E14C1DB85D6A007D0A06 /* AddViewController.m */,
			);
			path = Add;
			sourceTree = "<group>";
		};
		4969E1441DB85C9B007D0A06 /* Message */ = {
			isa = PBXGroup;
			children = (
				4975B1C61DBDB15C00B6987D /* Chat */,
				4975B1B91DBD9A7700B6987D /* Root */,
			);
			path = Message;
			sourceTree = "<group>";
		};
		4969E14E1DB85E9C007D0A06 /* TabBar */ = {
			isa = PBXGroup;
			children = (
				4969E14F1DB85EDB007D0A06 /* FZYTabBarViewController.h */,
				4969E1501DB85EDB007D0A06 /* FZYTabBarViewController.m */,
			);
			path = TabBar;
			sourceTree = "<group>";
		};
		4969E1801DB8A8FD007D0A06 /* Drawer */ = {
			isa = PBXGroup;
			children = (
				4969E1841DB8AF40007D0A06 /* Controller */,
				4969E1861DB8AF44007D0A06 /* Model */,
				4969E1851DB8AF42007D0A06 /* View */,
			);
			path = Drawer;
			sourceTree = "<group>";
		};
		4969E1841DB8AF40007D0A06 /* Controller */ = {
			isa = PBXGroup;
			children = (
				4975B2141DBDF17000B6987D /* DrawerViewController.h */,
				4975B2151DBDF17000B6987D /* DrawerViewController.m */,
			);
			path = Controller;
			sourceTree = "<group>";
		};
		4969E1851DB8AF42007D0A06 /* View */ = {
			isa = PBXGroup;
			children = (
				4969E1871DB8AF78007D0A06 /* DrawerTableViewCell.h */,
				4969E1881DB8AF78007D0A06 /* DrawerTableViewCell.m */,
			);
			path = View;
			sourceTree = "<group>";
		};
		4969E1861DB8AF44007D0A06 /* Model */ = {
			isa = PBXGroup;
			children = (
			);
			path = Model;
			sourceTree = "<group>";
		};
		4975B1B91DBD9A7700B6987D /* Root */ = {
			isa = PBXGroup;
			children = (
				4975B1BC1DBD9A8800B6987D /* Controller */,
				4975B1BB1DBD9A8200B6987D /* Model */,
				4975B1BA1DBD9A7D00B6987D /* View */,
			);
			path = Root;
			sourceTree = "<group>";
		};
		4975B1BA1DBD9A7D00B6987D /* View */ = {
			isa = PBXGroup;
			children = (
				4975B1C31DBD9BB500B6987D /* FZY_MessageTableViewCell.h */,
				4975B1C41DBD9BB500B6987D /* FZY_MessageTableViewCell.m */,
			);
			path = View;
			sourceTree = "<group>";
		};
		4975B1BB1DBD9A8200B6987D /* Model */ = {
			isa = PBXGroup;
			children = (
				49CEFED21DC0519F0022B6B8 /* FZY_FriendsModel.h */,
				49CEFED31DC0519F0022B6B8 /* FZY_FriendsModel.m */,
			);
			path = Model;
			sourceTree = "<group>";
		};
		4975B1BC1DBD9A8800B6987D /* Controller */ = {
			isa = PBXGroup;
			children = (
				4975B1BD1DBD9AD000B6987D /* FZY_MessageViewController.h */,
				4975B1BE1DBD9AD000B6987D /* FZY_MessageViewController.m */,
			);
			path = Controller;
			sourceTree = "<group>";
		};
		4975B1C61DBDB15C00B6987D /* Chat */ = {
			isa = PBXGroup;
			children = (
				4975B1C91DBDB18600B6987D /* Controller */,
				4975B1C81DBDB18000B6987D /* Model */,
				4975B1C71DBDB17800B6987D /* View */,
			);
			path = Chat;
			sourceTree = "<group>";
		};
		4975B1C71DBDB17800B6987D /* View */ = {
			isa = PBXGroup;
			children = (
			);
			path = View;
			sourceTree = "<group>";
		};
		4975B1C81DBDB18000B6987D /* Model */ = {
			isa = PBXGroup;
			children = (
			);
			path = Model;
			sourceTree = "<group>";
		};
		4975B1C91DBDB18600B6987D /* Controller */ = {
			isa = PBXGroup;
			children = (
				4975B1CD1DBDB44700B6987D /* FZY_ChatViewController.h */,
				4975B1CE1DBDB44700B6987D /* FZY_ChatViewController.m */,
			);
			path = Controller;
			sourceTree = "<group>";
		};
		4975B1D31DBDBF3800B6987D /* LoginAndRegister */ = {
			isa = PBXGroup;
			children = (
				4975B1D41DBDBF3800B6987D /* RegisterAndLogin */,
				4975B1DB1DBDBF3800B6987D /* Root */,
			);
			path = LoginAndRegister;
			sourceTree = "<group>";
		};
		4975B1D41DBDBF3800B6987D /* RegisterAndLogin */ = {
			isa = PBXGroup;
			children = (
				4975B1D51DBDBF3800B6987D /* Controller */,
				4975B1D81DBDBF3800B6987D /* View */,
			);
			path = RegisterAndLogin;
			sourceTree = "<group>";
		};
		4975B1D51DBDBF3800B6987D /* Controller */ = {
			isa = PBXGroup;
			children = (
				4975B25D1DBE41F700B6987D /* FZY_LoginOrRegisterViewController.h */,
				4975B25E1DBE41F700B6987D /* FZY_LoginOrRegisterViewController.m */,
			);
			path = Controller;
			sourceTree = "<group>";
		};
		4975B1D81DBDBF3800B6987D /* View */ = {
			isa = PBXGroup;
			children = (
			);
			path = View;
			sourceTree = "<group>";
		};
		4975B1DB1DBDBF3800B6987D /* Root */ = {
			isa = PBXGroup;
			children = (
				4975B1DC1DBDBF3800B6987D /* Controller */,
			);
			path = Root;
			sourceTree = "<group>";
		};
		4975B1DC1DBDBF3800B6987D /* Controller */ = {
			isa = PBXGroup;
			children = (
				4975B1DD1DBDBF3800B6987D /* FZY_LoginAndRegisterViewController.h */,
				4975B1DE1DBDBF3800B6987D /* FZY_LoginAndRegisterViewController.m */,
			);
			path = Controller;
			sourceTree = "<group>";
		};
		4975B2601DBE42FB00B6987D /* Categoies */ = {
			isa = PBXGroup;
			children = (
				4975B2611DBE42FB00B6987D /* NSData+Categories.h */,
				4975B2621DBE42FB00B6987D /* NSData+Categories.m */,
				4975B2631DBE42FB00B6987D /* NSString+Categories.h */,
				4975B2641DBE42FB00B6987D /* NSString+Categories.m */,
				4975B2651DBE42FB00B6987D /* NSString+Regex.h */,
				4975B2661DBE42FB00B6987D /* NSString+Regex.m */,
				4975B2671DBE42FB00B6987D /* NSUserDefaults+Categories.h */,
				4975B2681DBE42FB00B6987D /* NSUserDefaults+Categories.m */,
				4975B2691DBE42FB00B6987D /* UIBarButtonItem+SetImage_Click.h */,
				4975B26A1DBE42FB00B6987D /* UIBarButtonItem+SetImage_Click.m */,
				4975B26B1DBE42FB00B6987D /* UIButton+Block.h */,
				4975B26C1DBE42FB00B6987D /* UIButton+Block.m */,
				4975B26D1DBE42FB00B6987D /* UIImage+Categories.h */,
				4975B26E1DBE42FB00B6987D /* UIImage+Categories.m */,
				4975B26F1DBE42FB00B6987D /* UILabel+SizeToFit_W_H.h */,
				4975B2701DBE42FB00B6987D /* UILabel+SizeToFit_W_H.m */,
				4975B2711DBE42FB00B6987D /* UIView+Frame.h */,
				4975B2721DBE42FB00B6987D /* UIView+Frame.m */,
				4975B2731DBE42FB00B6987D /* UIView+ShowMessage.h */,
				4975B2741DBE42FB00B6987D /* UIView+ShowMessage.m */,
			);
			path = Categoies;
			sourceTree = "<group>";
		};
		49B0326C1DB79C0800D36732 = {
			isa = PBXGroup;
			children = (
				49B032771DB79C0800D36732 /* ColorLetter */,
				88BE9261FE5BDA5D941EC341 /* Frameworks */,
				EECA6FD19D68B99537217AB2 /* Pods */,
				49B032761DB79C0800D36732 /* Products */,
			);
			sourceTree = "<group>";
		};
		49B032761DB79C0800D36732 /* Products */ = {
			isa = PBXGroup;
			children = (
				49B032751DB79C0800D36732 /* ColorLetter.app */,
			);
			name = Products;
			sourceTree = "<group>";
		};
		49B032771DB79C0800D36732 /* ColorLetter */ = {
			isa = PBXGroup;
			children = (
				49CEFED51DC05AEB0022B6B8 /* ManualAddThirdParty */,
				49B0328F1DB79C7800D36732 /* Base */,
				49B032901DB79C8700D36732 /* Common */,
				491656A81DBA56E100975DE6 /* Encapsulation */,
				49B032971DB79D0F00D36732 /* Macro */,
				49B032981DB79D2600D36732 /* Modules */,
				49B032781DB79C0800D36732 /* Supporting Files */,
				49B0327B1DB79C0800D36732 /* AppDelegate.h */,
				49B0327C1DB79C0800D36732 /* AppDelegate.m */,
				49B032841DB79C0800D36732 /* Assets.xcassets */,
				49B032891DB79C0800D36732 /* Info.plist */,
				49B032861DB79C0800D36732 /* LaunchScreen.storyboard */,
			);
			path = ColorLetter;
			sourceTree = "<group>";
		};
		49B032781DB79C0800D36732 /* Supporting Files */ = {
			isa = PBXGroup;
			children = (
				4975B27F1DBE431A00B6987D /* FZY_pch.pch */,
				49B032791DB79C0800D36732 /* main.m */,
			);
			path = "Supporting Files";
			sourceTree = "<group>";
		};
		49B0328F1DB79C7800D36732 /* Base */ = {
			isa = PBXGroup;
			children = (
				49B032941DB79CEC00D36732 /* Controller */,
				49B032961DB79CEF00D36732 /* Model */,
				49B032951DB79CEE00D36732 /* View */,
			);
			path = Base;
			sourceTree = "<group>";
		};
		49B032901DB79C8700D36732 /* Common */ = {
			isa = PBXGroup;
			children = (
				4975B2601DBE42FB00B6987D /* Categoies */,
				49B032921DB79C9D00D36732 /* DateBase */,
				49B032911DB79C9B00D36732 /* Util */,
			);
			path = Common;
			sourceTree = "<group>";
		};
		49B032911DB79C9B00D36732 /* Util */ = {
			isa = PBXGroup;
			children = (
				49B032C11DB7A41600D36732 /* AppStoreUtils.h */,
				49B032C21DB7A41600D36732 /* AppStoreUtils.m */,
				49B032C41DB7A47900D36732 /* FileManagerUtils.h */,
				49B032C51DB7A47900D36732 /* FileManagerUtils.m */,
				49B032C71DB7A4C300D36732 /* SystemUnit.h */,
			);
			path = Util;
			sourceTree = "<group>";
		};
		49B032921DB79C9D00D36732 /* DateBase */ = {
			isa = PBXGroup;
			children = (
			);
			path = DateBase;
			sourceTree = "<group>";
		};
		49B032941DB79CEC00D36732 /* Controller */ = {
			isa = PBXGroup;
			children = (
				4975B2111DBDEB5900B6987D /* FZYBaseViewController.h */,
				4975B2121DBDEB5900B6987D /* FZYBaseViewController.m */,
				492AEE741DB9B2710014E9BB /* FZY_CommonViewController.h */,
				492AEE751DB9B2710014E9BB /* FZY_CommonViewController.m */,
			);
			path = Controller;
			sourceTree = "<group>";
		};
		49B032951DB79CEE00D36732 /* View */ = {
			isa = PBXGroup;
			children = (
				49B032A51DB79FB000D36732 /* FZYBaseView.h */,
				49B032A61DB79FB000D36732 /* FZYBaseView.m */,
				4975B1C01DBD9B9A00B6987D /* FZY_BaseTableViewCell.h */,
				4975B1C11DBD9B9A00B6987D /* FZY_BaseTableViewCell.m */,
			);
			path = View;
			sourceTree = "<group>";
		};
		49B032961DB79CEF00D36732 /* Model */ = {
			isa = PBXGroup;
			children = (
				49B032A21DB79F5A00D36732 /* FZYBaseModel.h */,
				49B032A31DB79F5A00D36732 /* FZYBaseModel.m */,
			);
			path = Model;
			sourceTree = "<group>";
		};
		49B032971DB79D0F00D36732 /* Macro */ = {
			isa = PBXGroup;
			children = (
				49B032C81DB7A59700D36732 /* FZYMacro.h */,
			);
			path = Macro;
			sourceTree = "<group>";
		};
		49B032981DB79D2600D36732 /* Modules */ = {
			isa = PBXGroup;
			children = (
				4969E1421DB85C98007D0A06 /* Add */,
				4969E1801DB8A8FD007D0A06 /* Drawer */,
				492AEE7A1DB9C8500014E9BB /* Help */,
				49B0329A1DB79D3E00D36732 /* Home */,
				4975B1D31DBDBF3800B6987D /* LoginAndRegister */,
				4969E1441DB85C9B007D0A06 /* Message */,
				492AEE6D1DB9B0280014E9BB /* Setting */,
				4969E14E1DB85E9C007D0A06 /* TabBar */,
				491656AD1DBA576500975DE6 /* TheContact */,
				49B0329C1DB79D7800D36732 /* User */,
			);
			path = Modules;
			sourceTree = "<group>";
		};
		49B0329A1DB79D3E00D36732 /* Home */ = {
			isa = PBXGroup;
			children = (
				4969E13F1DB85849007D0A06 /* Controller */,
				4969E1411DB8584D007D0A06 /* Model */,
				4969E1401DB8584B007D0A06 /* View */,
			);
			path = Home;
			sourceTree = "<group>";
		};
		49B0329C1DB79D7800D36732 /* User */ = {
			isa = PBXGroup;
			children = (
			);
			path = User;
			sourceTree = "<group>";
		};
		49CEFED51DC05AEB0022B6B8 /* ManualAddThirdParty */ = {
			isa = PBXGroup;
			children = (
			);
			name = ManualAddThirdParty;
			sourceTree = "<group>";
		};
		88BE9261FE5BDA5D941EC341 /* Frameworks */ = {
			isa = PBXGroup;
			children = (
				49C43F8F1DBEE5690060092C /* libiconv.tbd */,
				49C43F8D1DBEE5410060092C /* libsqlite3.tbd */,
				49C43F8B1DBEE5260060092C /* libstdc++.6.0.9.tbd */,
				49C43F891DBEE4FE0060092C /* libz.tbd */,
				49C43F871DBEE4EA0060092C /* libc++.tbd */,
				49C43F851DBEE4C80060092C /* ImageIO.framework */,
				49C43F831DBEE4B20060092C /* MobileCoreServices.framework */,
				49C43F811DBEE4880060092C /* AVFoundation.framework */,
				49C43F7F1DBEE4770060092C /* AudioToolbox.framework */,
				49C43F7D1DBEE4590060092C /* CoreMedia.framework */,
				16746DD2D78A1F336DE60E8F /* libPods-ColorLetter.a */,
			);
			name = Frameworks;
			sourceTree = "<group>";
		};
		EECA6FD19D68B99537217AB2 /* Pods */ = {
			isa = PBXGroup;
			children = (
				27FAC0A049392D2BE8F8E4C6 /* Pods-ColorLetter.debug.xcconfig */,
				D52A69A9BF3156D310586722 /* Pods-ColorLetter.release.xcconfig */,
			);
			name = Pods;
			sourceTree = "<group>";
		};
/* End PBXGroup section */

/* Begin PBXNativeTarget section */
		49B032741DB79C0800D36732 /* ColorLetter */ = {
			isa = PBXNativeTarget;
			buildConfigurationList = 49B0328C1DB79C0800D36732 /* Build configuration list for PBXNativeTarget "ColorLetter" */;
			buildPhases = (
				CC08F8B5A0805FB70D07BB27 /* [CP] Check Pods Manifest.lock */,
				49B032711DB79C0800D36732 /* Sources */,
				49B032721DB79C0800D36732 /* Frameworks */,
				49B032731DB79C0800D36732 /* Resources */,
				A284A9510057972CC67DEBCE /* [CP] Embed Pods Frameworks */,
				2C37072F4E2D3EF12BD99F77 /* [CP] Copy Pods Resources */,
			);
			buildRules = (
			);
			dependencies = (
			);
			name = ColorLetter;
			productName = ColorLetter;
			productReference = 49B032751DB79C0800D36732 /* ColorLetter.app */;
			productType = "com.apple.product-type.application";
		};
/* End PBXNativeTarget section */

/* Begin PBXProject section */
		49B0326D1DB79C0800D36732 /* Project object */ = {
			isa = PBXProject;
			attributes = {
				CLASSPREFIX = FZY_;
				LastUpgradeCheck = 0800;
				ORGANIZATIONNAME = yzy;
				TargetAttributes = {
					49B032741DB79C0800D36732 = {
						CreatedOnToolsVersion = 8.0;
						DevelopmentTeam = QWKQAE7W9B;
						ProvisioningStyle = Automatic;
					};
				};
			};
			buildConfigurationList = 49B032701DB79C0800D36732 /* Build configuration list for PBXProject "ColorLetter" */;
			compatibilityVersion = "Xcode 3.2";
			developmentRegion = English;
			hasScannedForEncodings = 0;
			knownRegions = (
				en,
				Base,
			);
			mainGroup = 49B0326C1DB79C0800D36732;
			productRefGroup = 49B032761DB79C0800D36732 /* Products */;
			projectDirPath = "";
			projectRoot = "";
			targets = (
				49B032741DB79C0800D36732 /* ColorLetter */,
			);
		};
/* End PBXProject section */

/* Begin PBXResourcesBuildPhase section */
		49B032731DB79C0800D36732 /* Resources */ = {
			isa = PBXResourcesBuildPhase;
			buildActionMask = 2147483647;
			files = (
				49B032881DB79C0800D36732 /* LaunchScreen.storyboard in Resources */,
				49B032851DB79C0800D36732 /* Assets.xcassets in Resources */,
			);
			runOnlyForDeploymentPostprocessing = 0;
		};
/* End PBXResourcesBuildPhase section */

/* Begin PBXShellScriptBuildPhase section */
		2C37072F4E2D3EF12BD99F77 /* [CP] Copy Pods Resources */ = {
			isa = PBXShellScriptBuildPhase;
			buildActionMask = 2147483647;
			files = (
			);
			inputPaths = (
			);
			name = "[CP] Copy Pods Resources";
			outputPaths = (
			);
			runOnlyForDeploymentPostprocessing = 0;
			shellPath = /bin/sh;
			shellScript = "\"${SRCROOT}/Pods/Target Support Files/Pods-ColorLetter/Pods-ColorLetter-resources.sh\"\n";
			showEnvVarsInLog = 0;
		};
		A284A9510057972CC67DEBCE /* [CP] Embed Pods Frameworks */ = {
			isa = PBXShellScriptBuildPhase;
			buildActionMask = 2147483647;
			files = (
			);
			inputPaths = (
			);
			name = "[CP] Embed Pods Frameworks";
			outputPaths = (
			);
			runOnlyForDeploymentPostprocessing = 0;
			shellPath = /bin/sh;
			shellScript = "\"${SRCROOT}/Pods/Target Support Files/Pods-ColorLetter/Pods-ColorLetter-frameworks.sh\"\n";
			showEnvVarsInLog = 0;
		};
		CC08F8B5A0805FB70D07BB27 /* [CP] Check Pods Manifest.lock */ = {
			isa = PBXShellScriptBuildPhase;
			buildActionMask = 2147483647;
			files = (
			);
			inputPaths = (
			);
			name = "[CP] Check Pods Manifest.lock";
			outputPaths = (
			);
			runOnlyForDeploymentPostprocessing = 0;
			shellPath = /bin/sh;
			shellScript = "diff \"${PODS_ROOT}/../Podfile.lock\" \"${PODS_ROOT}/Manifest.lock\" > /dev/null\nif [[ $? != 0 ]] ; then\n    cat << EOM\nerror: The sandbox is not in sync with the Podfile.lock. Run 'pod install' or update your CocoaPods installation.\nEOM\n    exit 1\nfi\n";
			showEnvVarsInLog = 0;
		};
/* End PBXShellScriptBuildPhase section */

/* Begin PBXSourcesBuildPhase section */
		49B032711DB79C0800D36732 /* Sources */ = {
			isa = PBXSourcesBuildPhase;
			buildActionMask = 2147483647;
			files = (
				4975B2761DBE42FB00B6987D /* NSString+Categories.m in Sources */,
				4975B2131DBDEB5900B6987D /* FZYBaseViewController.m in Sources */,
				4975B2101DBDEB0900B6987D /* TheContactViewController.m in Sources */,
				4975B27C1DBE42FB00B6987D /* UILabel+SizeToFit_W_H.m in Sources */,
				4975B2161DBDF17000B6987D /* DrawerViewController.m in Sources */,
				4975B1E11DBDBF3800B6987D /* FZY_LoginAndRegisterViewController.m in Sources */,
				4975B1C21DBD9B9A00B6987D /* FZY_BaseTableViewCell.m in Sources */,
				49B0327D1DB79C0800D36732 /* AppDelegate.m in Sources */,
				4975B1CF1DBDB44700B6987D /* FZY_ChatViewController.m in Sources */,
				4969E1511DB85EDB007D0A06 /* FZYTabBarViewController.m in Sources */,
				491656AC1DBA56E100975DE6 /* FZY_SliderScrollView.m in Sources */,
				4975B27A1DBE42FB00B6987D /* UIButton+Block.m in Sources */,
				4975B25F1DBE41F700B6987D /* FZY_LoginOrRegisterViewController.m in Sources */,
				492AEEAD1DBA30E90014E9BB /* FZY_SwitchTableViewCell.m in Sources */,
				4969E14D1DB85D6A007D0A06 /* AddViewController.m in Sources */,
				4975B1C51DBD9BB500B6987D /* FZY_MessageTableViewCell.m in Sources */,
				4975B27E1DBE42FB00B6987D /* UIView+ShowMessage.m in Sources */,
				49B032C31DB7A41600D36732 /* AppStoreUtils.m in Sources */,
				4975B2781DBE42FB00B6987D /* NSUserDefaults+Categories.m in Sources */,
				4975B2791DBE42FB00B6987D /* UIBarButtonItem+SetImage_Click.m in Sources */,
				492AEE761DB9B2710014E9BB /* FZY_CommonViewController.m in Sources */,
				49B032C61DB7A47900D36732 /* FileManagerUtils.m in Sources */,
				4975B2771DBE42FB00B6987D /* NSString+Regex.m in Sources */,
				4975B27B1DBE42FB00B6987D /* UIImage+Categories.m in Sources */,
				492AEE791DB9B42C0014E9BB /* FZY_SettingViewController.m in Sources */,
				4975B27D1DBE42FB00B6987D /* UIView+Frame.m in Sources */,
				49B032A71DB79FB000D36732 /* FZYBaseView.m in Sources */,
				4975B2751DBE42FB00B6987D /* NSData+Categories.m in Sources */,
				492AEEAA1DBA0B440014E9BB /* FZY_SettingTableViewCell.m in Sources */,
				49CEFED41DC0519F0022B6B8 /* FZY_FriendsModel.m in Sources */,
				4975B1BF1DBD9AD000B6987D /* FZY_MessageViewController.m in Sources */,
				4969E1891DB8AF78007D0A06 /* DrawerTableViewCell.m in Sources */,
				49B032A41DB79F5A00D36732 /* FZYBaseModel.m in Sources */,
				49B0327A1DB79C0800D36732 /* main.m in Sources */,
			);
			runOnlyForDeploymentPostprocessing = 0;
		};
/* End PBXSourcesBuildPhase section */

/* Begin PBXVariantGroup section */
		49B032861DB79C0800D36732 /* LaunchScreen.storyboard */ = {
			isa = PBXVariantGroup;
			children = (
				49B032871DB79C0800D36732 /* Base */,
			);
			name = LaunchScreen.storyboard;
			path = .;
			sourceTree = "<group>";
		};
/* End PBXVariantGroup section */

/* Begin XCBuildConfiguration section */
		49B0328A1DB79C0800D36732 /* Debug */ = {
			isa = XCBuildConfiguration;
			buildSettings = {
				ALWAYS_SEARCH_USER_PATHS = NO;
				CLANG_ANALYZER_NONNULL = YES;
				CLANG_CXX_LANGUAGE_STANDARD = "gnu++0x";
				CLANG_CXX_LIBRARY = "libc++";
				CLANG_ENABLE_MODULES = YES;
				CLANG_ENABLE_OBJC_ARC = YES;
				CLANG_WARN_BOOL_CONVERSION = YES;
				CLANG_WARN_CONSTANT_CONVERSION = YES;
				CLANG_WARN_DIRECT_OBJC_ISA_USAGE = YES_ERROR;
				CLANG_WARN_DOCUMENTATION_COMMENTS = YES;
				CLANG_WARN_EMPTY_BODY = YES;
				CLANG_WARN_ENUM_CONVERSION = YES;
				CLANG_WARN_INFINITE_RECURSION = YES;
				CLANG_WARN_INT_CONVERSION = YES;
				CLANG_WARN_OBJC_ROOT_CLASS = YES_ERROR;
				CLANG_WARN_SUSPICIOUS_MOVE = YES;
				CLANG_WARN_SUSPICIOUS_MOVES = YES;
				CLANG_WARN_UNREACHABLE_CODE = YES;
				CLANG_WARN__DUPLICATE_METHOD_MATCH = YES;
				"CODE_SIGN_IDENTITY[sdk=iphoneos*]" = "iPhone Developer";
				COPY_PHASE_STRIP = NO;
				DEBUG_INFORMATION_FORMAT = dwarf;
				ENABLE_BITCODE = NO;
				ENABLE_STRICT_OBJC_MSGSEND = YES;
				ENABLE_TESTABILITY = YES;
				GCC_C_LANGUAGE_STANDARD = gnu99;
				GCC_DYNAMIC_NO_PIC = NO;
				GCC_NO_COMMON_BLOCKS = YES;
				GCC_OPTIMIZATION_LEVEL = 0;
				GCC_PREPROCESSOR_DEFINITIONS = (
					"DEBUG=1",
					"$(inherited)",
				);
				GCC_WARN_64_TO_32_BIT_CONVERSION = YES;
				GCC_WARN_ABOUT_RETURN_TYPE = YES_ERROR;
				GCC_WARN_UNDECLARED_SELECTOR = YES;
				GCC_WARN_UNINITIALIZED_AUTOS = YES_AGGRESSIVE;
				GCC_WARN_UNUSED_FUNCTION = YES;
				GCC_WARN_UNUSED_VARIABLE = YES;
				IPHONEOS_DEPLOYMENT_TARGET = 10.0;
				MTL_ENABLE_DEBUG_INFO = YES;
				ONLY_ACTIVE_ARCH = YES;
				SDKROOT = iphoneos;
			};
			name = Debug;
		};
		49B0328B1DB79C0800D36732 /* Release */ = {
			isa = XCBuildConfiguration;
			buildSettings = {
				ALWAYS_SEARCH_USER_PATHS = NO;
				CLANG_ANALYZER_NONNULL = YES;
				CLANG_CXX_LANGUAGE_STANDARD = "gnu++0x";
				CLANG_CXX_LIBRARY = "libc++";
				CLANG_ENABLE_MODULES = YES;
				CLANG_ENABLE_OBJC_ARC = YES;
				CLANG_WARN_BOOL_CONVERSION = YES;
				CLANG_WARN_CONSTANT_CONVERSION = YES;
				CLANG_WARN_DIRECT_OBJC_ISA_USAGE = YES_ERROR;
				CLANG_WARN_DOCUMENTATION_COMMENTS = YES;
				CLANG_WARN_EMPTY_BODY = YES;
				CLANG_WARN_ENUM_CONVERSION = YES;
				CLANG_WARN_INFINITE_RECURSION = YES;
				CLANG_WARN_INT_CONVERSION = YES;
				CLANG_WARN_OBJC_ROOT_CLASS = YES_ERROR;
				CLANG_WARN_SUSPICIOUS_MOVE = YES;
				CLANG_WARN_SUSPICIOUS_MOVES = YES;
				CLANG_WARN_UNREACHABLE_CODE = YES;
				CLANG_WARN__DUPLICATE_METHOD_MATCH = YES;
				"CODE_SIGN_IDENTITY[sdk=iphoneos*]" = "iPhone Developer";
				COPY_PHASE_STRIP = NO;
				DEBUG_INFORMATION_FORMAT = "dwarf-with-dsym";
				ENABLE_BITCODE = NO;
				ENABLE_NS_ASSERTIONS = NO;
				ENABLE_STRICT_OBJC_MSGSEND = YES;
				GCC_C_LANGUAGE_STANDARD = gnu99;
				GCC_NO_COMMON_BLOCKS = YES;
				GCC_WARN_64_TO_32_BIT_CONVERSION = YES;
				GCC_WARN_ABOUT_RETURN_TYPE = YES_ERROR;
				GCC_WARN_UNDECLARED_SELECTOR = YES;
				GCC_WARN_UNINITIALIZED_AUTOS = YES_AGGRESSIVE;
				GCC_WARN_UNUSED_FUNCTION = YES;
				GCC_WARN_UNUSED_VARIABLE = YES;
				IPHONEOS_DEPLOYMENT_TARGET = 10.0;
				MTL_ENABLE_DEBUG_INFO = NO;
				SDKROOT = iphoneos;
				VALIDATE_PRODUCT = YES;
			};
			name = Release;
		};
		49B0328D1DB79C0800D36732 /* Debug */ = {
			isa = XCBuildConfiguration;
			baseConfigurationReference = 27FAC0A049392D2BE8F8E4C6 /* Pods-ColorLetter.debug.xcconfig */;
			buildSettings = {
				ASSETCATALOG_COMPILER_APPICON_NAME = AppIcon;
				CODE_SIGN_IDENTITY = "iPhone Distribution: Lefeng Guo (QWKQAE7W9B)";
				"CODE_SIGN_IDENTITY[sdk=iphoneos*]" = "iPhone Developer";
				DEVELOPMENT_TEAM = QWKQAE7W9B;
				ENABLE_BITCODE = NO;
				GCC_PRECOMPILE_PREFIX_HEADER = YES;
				GCC_PREFIX_HEADER = "$(SRCROOT)/ColorLetter/Supporting Files/FZY_pch.pch";
				INFOPLIST_FILE = ColorLetter/Info.plist;
				IPHONEOS_DEPLOYMENT_TARGET = 10.0;
				LD_RUNPATH_SEARCH_PATHS = "$(inherited) @executable_path/Frameworks";
				LIBRARY_SEARCH_PATHS = (
					"$(inherited)",
					"$(PROJECT_DIR)/ColorLetter/EaseUI/EMUIKit/3rdparty/DeviceHelper/VoiceConvert/opencore-amrnb",
					"$(PROJECT_DIR)/ColorLetter/EaseUI/EMUIKit/3rdparty/DeviceHelper/VoiceConvert/opencore-amrwb",
				);
				PRODUCT_BUNDLE_IDENTIFIER = com.lanou.3g.com;
				PRODUCT_NAME = "$(TARGET_NAME)";
				PROVISIONING_PROFILE = "";
				PROVISIONING_PROFILE_SPECIFIER = "";
			};
			name = Debug;
		};
		49B0328E1DB79C0800D36732 /* Release */ = {
			isa = XCBuildConfiguration;
			baseConfigurationReference = D52A69A9BF3156D310586722 /* Pods-ColorLetter.release.xcconfig */;
			buildSettings = {
				ASSETCATALOG_COMPILER_APPICON_NAME = AppIcon;
				CODE_SIGN_IDENTITY = "iPhone Distribution: Lefeng Guo (QWKQAE7W9B)";
				"CODE_SIGN_IDENTITY[sdk=iphoneos*]" = "iPhone Developer";
				DEVELOPMENT_TEAM = QWKQAE7W9B;
				ENABLE_BITCODE = NO;
				GCC_PRECOMPILE_PREFIX_HEADER = YES;
				GCC_PREFIX_HEADER = "$(SRCROOT)/ColorLetter/Supporting Files/FZY_pch.pch";
				INFOPLIST_FILE = ColorLetter/Info.plist;
				IPHONEOS_DEPLOYMENT_TARGET = 10.0;
				LD_RUNPATH_SEARCH_PATHS = "$(inherited) @executable_path/Frameworks";
				LIBRARY_SEARCH_PATHS = (
					"$(inherited)",
					"$(PROJECT_DIR)/ColorLetter/EaseUI/EMUIKit/3rdparty/DeviceHelper/VoiceConvert/opencore-amrnb",
					"$(PROJECT_DIR)/ColorLetter/EaseUI/EMUIKit/3rdparty/DeviceHelper/VoiceConvert/opencore-amrwb",
				);
				PRODUCT_BUNDLE_IDENTIFIER = com.lanou.3g.com;
				PRODUCT_NAME = "$(TARGET_NAME)";
				PROVISIONING_PROFILE = "";
				PROVISIONING_PROFILE_SPECIFIER = "";
			};
			name = Release;
		};
/* End XCBuildConfiguration section */

/* Begin XCConfigurationList section */
		49B032701DB79C0800D36732 /* Build configuration list for PBXProject "ColorLetter" */ = {
			isa = XCConfigurationList;
			buildConfigurations = (
				49B0328A1DB79C0800D36732 /* Debug */,
				49B0328B1DB79C0800D36732 /* Release */,
			);
			defaultConfigurationIsVisible = 0;
			defaultConfigurationName = Release;
		};
		49B0328C1DB79C0800D36732 /* Build configuration list for PBXNativeTarget "ColorLetter" */ = {
			isa = XCConfigurationList;
			buildConfigurations = (
				49B0328D1DB79C0800D36732 /* Debug */,
				49B0328E1DB79C0800D36732 /* Release */,
			);
			defaultConfigurationIsVisible = 0;
			defaultConfigurationName = Release;
		};
/* End XCConfigurationList section */
	};
	rootObject = 49B0326D1DB79C0800D36732 /* Project object */;
}
